
Microsoft Visual Studio Solution File, Format Version 12.00
# Visual Studio Version 17
VisualStudioVersion = 17.7.34202.233
MinimumVisualStudioVersion = 10.0.40219.1
Project("{FAE04EC0-301F-11D3-BF4B-00C04F79EFBC}") = "SistemaCadastro", "SistemaCadastro\SistemaCadastro.csproj", "{96CFD860-8402-4B0B-B0D9-65A990C45932}"
EndProject
Global
	GlobalSection(SolutionConfigurationPlatforms) = preSolution
		Debug|Any CPU = Debug|Any CPU
		Release|Any CPU = Release|Any CPU
	EndGlobalSection
	GlobalSection(ProjectConfigurationPlatforms) = postSolution
		{96CFD860-8402-4B0B-B0D9-65A990C45932}.Debug|Any CPU.ActiveCfg = Debug|Any CPU
		{96CFD860-8402-4B0B-B0D9-65A990C45932}.Debug|Any CPU.Build.0 = Debug|Any CPU
		{96CFD860-8402-4B0B-B0D9-65A990C45932}.Release|Any CPU.ActiveCfg = Release|Any CPU
		{96CFD860-8402-4B0B-B0D9-65A990C45932}.Release|Any CPU.Build.0 = Release|Any CPU
	EndGlobalSection
	GlobalSection(SolutionProperties) = preSolution
		HideSolutionNode = FALSE
	EndGlobalSection
	GlobalSection(ExtensibilityGlobals) = postSolution
		SolutionGuid = {948F7ED2-EC18-45A8-9C9B-40FFF8718DB8}
	EndGlobalSection
EndGlobal
